
Microsoft Visual Studio Solution File, Format Version 12.00
# Visual Studio Version 17
VisualStudioVersion = 17.3.32819.101
MinimumVisualStudioVersion = 10.0.40219.1
Project("{FAE04EC0-301F-11D3-BF4B-00C04F79EFBC}") = "SCD_CRUD", "SCD_CRUD\SCD_CRUD.csproj", "{20EDA2F3-2846-4F37-822A-DBFD06ACA503}"
EndProject
Global
	GlobalSection(SolutionConfigurationPlatforms) = preSolution
		Debug|Any CPU = Debug|Any CPU
		Debug|x86 = Debug|x86
		Release|Any CPU = Release|Any CPU
		Release|x86 = Release|x86
	EndGlobalSection
	GlobalSection(ProjectConfigurationPlatforms) = postSolution
		{20EDA2F3-2846-4F37-822A-DBFD06ACA503}.Debug|Any CPU.ActiveCfg = Debug|Any CPU
		{20EDA2F3-2846-4F37-822A-DBFD06ACA503}.Debug|Any CPU.Build.0 = Debug|Any CPU
		{20EDA2F3-2846-4F37-822A-DBFD06ACA503}.Debug|x86.ActiveCfg = Debug|x86
		{20EDA2F3-2846-4F37-822A-DBFD06ACA503}.Debug|x86.Build.0 = Debug|x86
		{20EDA2F3-2846-4F37-822A-DBFD06ACA503}.Release|Any CPU.ActiveCfg = Release|Any CPU
		{20EDA2F3-2846-4F37-822A-DBFD06ACA503}.Release|Any CPU.Build.0 = Release|Any CPU
		{20EDA2F3-2846-4F37-822A-DBFD06ACA503}.Release|x86.ActiveCfg = Release|x86
		{20EDA2F3-2846-4F37-822A-DBFD06ACA503}.Release|x86.Build.0 = Release|x86
	EndGlobalSection
	GlobalSection(SolutionProperties) = preSolution
		HideSolutionNode = FALSE
	EndGlobalSection
	GlobalSection(ExtensibilityGlobals) = postSolution
		SolutionGuid = {EC9FDC41-77C2-4DD1-AD1B-4A01D8A45C69}
	EndGlobalSection
EndGlobal
